# This is a Gradle generated file for dependency locking.
# Manual edits can break the build and are not advised.
# This file is expected to be part of source control.
com.fasterxml.woodstox:woodstox-core:7.1.0=classpath
com.github.zafarkhaja:java-semver:0.10.2=classpath
com.gradleup.shadow:com.gradleup.shadow.gradle.plugin:9.3.1=classpath
com.gradleup.shadow:shadow-gradle-plugin:9.3.1=classpath
com.hanggrian:kotlinpoet-dsl:0.2=classpath
com.ibm.icu:icu4j:77.1=classpath
com.jcabi:jcabi-log:0.24.3=classpath
com.jcabi:jcabi-manifests:2.2.0=classpath
com.pinterest.ktlint:ktlint-cli-ruleset-core:1.7.1=classpath
com.pinterest.ktlint:ktlint-logger:1.7.1=classpath
com.pinterest.ktlint:ktlint-rule-engine-core:1.7.1=classpath
com.pinterest.ktlint:ktlint-rule-engine:1.7.1=classpath
com.pinterest.ktlint:ktlint-ruleset-standard:1.7.1=classpath
com.squareup:kotlinpoet-jvm:2.2.0=classpath
com.squareup:kotlinpoet:2.2.0=classpath
com.unascribed:flexver-java:1.1.1=classpath
commons-codec:commons-codec:1.20.0=classpath
commons-io:commons-io:2.21.0=classpath
dev.akkinoc.util:yaml-resource-bundle:2.15.0=classpath
dev.drewhamilton.poko:poko-annotations-jvm:0.19.1=classpath
dev.drewhamilton.poko:poko-annotations:0.19.1=classpath
dev.kordex.gradle.i18n:dev.kordex.gradle.i18n.gradle.plugin:1.1.1=classpath
dev.kordex.gradle.kordex:dev.kordex.gradle.kordex.gradle.plugin:1.9.0=classpath
dev.kordex.gradle.plugins:i18n-gradle:1.1.1=classpath
dev.kordex.gradle.plugins:kordex:1.9.0=classpath
dev.kordex.i18n:i18n-generator:1.1.1=classpath
dev.kordex.i18n:i18n:1.1.1=classpath
dev.whyoleg.sweetspi:sweetspi-bom:0.1.3=classpath
dev.whyoleg.sweetspi:sweetspi-runtime-jvm:0.1.3=classpath
dev.whyoleg.sweetspi:sweetspi-runtime:0.1.3=classpath
info.picocli:picocli:4.7.7=classpath
io.github.oshai:kotlin-logging-jvm:7.0.13=classpath
io.github.oshai:kotlin-logging:7.0.13=classpath
io.github.pdvrieze.xmlutil:core-jvm:0.86.3=classpath
io.github.pdvrieze.xmlutil:serialization-jvm:0.86.3=classpath
io.ktor:ktor-bom:3.3.0=classpath
io.ktor:ktor-client-cio-jvm:3.3.0=classpath
io.ktor:ktor-client-cio:3.3.0=classpath
io.ktor:ktor-client-content-negotiation-jvm:3.3.0=classpath
io.ktor:ktor-client-content-negotiation:3.3.0=classpath
io.ktor:ktor-client-core-jvm:3.3.0=classpath
io.ktor:ktor-client-core:3.3.0=classpath
io.ktor:ktor-events-jvm:3.3.0=classpath
io.ktor:ktor-events:3.3.0=classpath
io.ktor:ktor-http-cio-jvm:3.3.0=classpath
io.ktor:ktor-http-cio:3.3.0=classpath
io.ktor:ktor-http-jvm:3.3.0=classpath
io.ktor:ktor-http:3.3.0=classpath
io.ktor:ktor-io-jvm:3.3.0=classpath
io.ktor:ktor-io:3.3.0=classpath
io.ktor:ktor-network-jvm:3.3.0=classpath
io.ktor:ktor-network-tls-jvm:3.3.0=classpath
io.ktor:ktor-network-tls:3.3.0=classpath
io.ktor:ktor-network:3.3.0=classpath
io.ktor:ktor-serialization-jvm:3.3.0=classpath
io.ktor:ktor-serialization-kotlinx-json-jvm:3.3.0=classpath
io.ktor:ktor-serialization-kotlinx-jvm:3.3.0=classpath
io.ktor:ktor-serialization-kotlinx:3.3.0=classpath
io.ktor:ktor-serialization:3.3.0=classpath
io.ktor:ktor-sse-jvm:3.3.0=classpath
io.ktor:ktor-sse:3.3.0=classpath
io.ktor:ktor-utils-jvm:3.3.0=classpath
io.ktor:ktor-utils:3.3.0=classpath
io.ktor:ktor-websocket-serialization-jvm:3.3.0=classpath
io.ktor:ktor-websocket-serialization:3.3.0=classpath
io.ktor:ktor-websockets-jvm:3.3.0=classpath
io.ktor:ktor-websockets:3.3.0=classpath
org.apache.ant:ant-launcher:1.10.15=classpath
org.apache.ant:ant:1.10.15=classpath
org.apache.logging.log4j:log4j-api:2.25.3=classpath
org.apache.logging.log4j:log4j-core:2.25.3=classpath
org.apache.maven:maven-api-annotations:4.0.0-rc-3=classpath
org.apache.maven:maven-api-xml:4.0.0-rc-3=classpath
org.apache.maven:maven-xml:4.0.0-rc-3=classpath
org.codehaus.plexus:plexus-utils:4.0.2=classpath
org.codehaus.plexus:plexus-xml:4.1.0=classpath
org.codehaus.woodstox:stax2-api:4.2.2=classpath
org.ec4j.core:ec4j-core:1.1.1=classpath
org.jdom:jdom2:2.0.6.1=classpath
org.jetbrains.kotlin.plugin.serialization:org.jetbrains.kotlin.plugin.serialization.gradle.plugin:2.2.21=classpath
org.jetbrains.kotlin:kotlin-build-tools-api:2.2.21=classpath
org.jetbrains.kotlin:kotlin-gradle-plugin-annotations:2.2.21=classpath
org.jetbrains.kotlin:kotlin-gradle-plugin-api:2.2.21=classpath
org.jetbrains.kotlin:kotlin-gradle-plugins-bom:2.2.21=classpath
org.jetbrains.kotlin:kotlin-metadata-jvm:2.3.0=classpath
org.jetbrains.kotlin:kotlin-native-utils:2.2.21=classpath
org.jetbrains.kotlin:kotlin-reflect:2.2.0=classpath
org.jetbrains.kotlin:kotlin-serialization:2.2.21=classpath
org.jetbrains.kotlin:kotlin-stdlib-jdk7:1.9.21=classpath
org.jetbrains.kotlin:kotlin-stdlib-jdk8:1.9.21=classpath
org.jetbrains.kotlin:kotlin-stdlib:2.2.0=classpath
org.jetbrains.kotlin:kotlin-tooling-core:2.2.21=classpath
org.jetbrains.kotlin:kotlin-util-io:2.2.21=classpath
org.jetbrains.kotlinx:kotlinx-coroutines-bom:1.10.2=classpath
org.jetbrains.kotlinx:kotlinx-coroutines-core-jvm:1.10.2=classpath
org.jetbrains.kotlinx:kotlinx-coroutines-core:1.10.2=classpath
org.jetbrains.kotlinx:kotlinx-coroutines-slf4j:1.10.2=classpath
org.jetbrains.kotlinx:kotlinx-io-bytestring-jvm:0.8.0=classpath
org.jetbrains.kotlinx:kotlinx-io-bytestring:0.8.0=classpath
org.jetbrains.kotlinx:kotlinx-io-core-jvm:0.8.0=classpath
org.jetbrains.kotlinx:kotlinx-io-core:0.8.0=classpath
org.jetbrains.kotlinx:kotlinx-serialization-bom:1.9.0=classpath
org.jetbrains.kotlinx:kotlinx-serialization-core-jvm:1.9.0=classpath
org.jetbrains.kotlinx:kotlinx-serialization-core:1.9.0=classpath
org.jetbrains.kotlinx:kotlinx-serialization-json-io-jvm:1.9.0=classpath
org.jetbrains.kotlinx:kotlinx-serialization-json-io:1.9.0=classpath
org.jetbrains.kotlinx:kotlinx-serialization-json-jvm:1.9.0=classpath
org.jetbrains.kotlinx:kotlinx-serialization-json:1.9.0=classpath
org.jetbrains:annotations:13.0=classpath
org.slf4j:slf4j-api:2.0.17=classpath
org.slf4j:slf4j-simple:2.0.17=classpath
org.vafer:jdependency:2.14=classpath
org.yaml:snakeyaml:2.4=classpath
empty=
