{
  "nodes": {
    "nixpkgs": {
      "locked": {
        "lastModified": 1772978369,
        "narHash": "sha256-UHR118/L5YLh2XMFUC/UIDAgXBRXpJNC6ok+C0Lf33o=",
        "owner": "NixOS",
        "repo": "nixpkgs",
        "rev": "43050f0346c2c4d8ced9ce3ba8583d0a3f053f80",
        "type": "github"
      },
      "original": {
        "owner": "NixOS",
        "ref": "release-25.11",
        "repo": "nixpkgs",
        "type": "github"
      }
    },
    "root": {
      "inputs": {
        "nixpkgs": "nixpkgs"
      }
    }
  },
  "root": "root",
  "version": 7
}
