{
  "nodes": {
    "nixpkgs": {
      "locked": {
        "lastModified": 1780050532,
        "narHash": "sha256-N0shzyOMjuWP7AjIb8YSIPME7yaJplpA3LZYrFpgwR8=",
        "owner": "NixOS",
        "repo": "nixpkgs",
        "rev": "14c5d82a6656365a7eeb9347d1825afe52f85ee7",
        "type": "github"
      },
      "original": {
        "owner": "NixOS",
        "ref": "release-25.11",
        "repo": "nixpkgs",
        "type": "github"
      }
    },
    "root": {
      "inputs": {
        "nixpkgs": "nixpkgs"
      }
    }
  },
  "root": "root",
  "version": 7
}
